lockfileVersion: '9.0'

settings:
  autoInstallPeers: true
  excludeLinksFromLockfile: false

importers:

  .:
    dependencies:
      detect-port:
        specifier: ^1.6.1
        version: 1.6.1
      nanoid:
        specifier: ^5.0.7
        version: 5.0.7

packages:

  address@1.2.2:
    resolution: {integrity: sha512-4B/qKCfeE/ODUaAUpSwfzazo5x29WD4r3vXiWsB7I2mSDAihwEqKO+g8GELZUQSSAo5e1XTYh3ZVfLyxBc12nA==}
    engines: {node: '>= 10.0.0'}

  debug@4.3.7:
    resolution: {integrity: sha512-Er2nc/H7RrMXZBFCEim6TCmMk02Z8vLC2Rbi1KEBggpo0fS6l0S1nnapwmIi3yW/+GOJap1Krg4w0Hg80oCqgQ==}
    engines: {node: '>=6.0'}
    peerDependencies:
      supports-color: '*'
    peerDependenciesMeta:
      supports-color:
        optional: true

  detect-port@1.6.1:
    resolution: {integrity: sha512-CmnVc+Hek2egPx1PeTFVta2W78xy2K/9Rkf6cC4T59S50tVnzKj+tnx5mmx5lwvCkujZ4uRrpRSuV+IVs3f90Q==}
    engines: {node: '>= 4.0.0'}
    hasBin: true

  ms@2.1.3:
    resolution: {integrity: sha512-6FlzubTLZG3J2a/NVCAleEhjzq5oxgHyaCU9yYXvcLsvoVaHJq/s5xXI6/XXP6tz7R9xAOtHnSO/tXtF3WRTlA==}

  nanoid@5.0.7:
    resolution: {integrity: sha512-oLxFY2gd2IqnjcYyOXD8XGCftpGtZP2AbHbOkthDkvRywH5ayNtPVy9YlOPcHckXzbLTCHpkb7FB+yuxKV13pQ==}
    engines: {node: ^18 || >=20}
    hasBin: true

snapshots:

  address@1.2.2: {}

  debug@4.3.7:
    dependencies:
      ms: 2.1.3

  detect-port@1.6.1:
    dependencies:
      address: 1.2.2
      debug: 4.3.7
    transitivePeerDependencies:
      - supports-color

  ms@2.1.3: {}

  nanoid@5.0.7: {}
